
Microsoft Visual Studio Solution File, Format Version 12.00
# Visual Studio Version 16
VisualStudioVersion = 16.0.30907.101
MinimumVisualStudioVersion = 10.0.40219.1
Project("{FAE04EC0-301F-11D3-BF4B-00C04F79EFBC}") = "DALayer", "DALayer\DALayer.csproj", "{C57D5EBA-2A4A-42EC-80D9-B354B9E68231}"
EndProject
Global
	GlobalSection(SolutionConfigurationPlatforms) = preSolution
		Debug|Any CPU = Debug|Any CPU
		Release|Any CPU = Release|Any CPU
	EndGlobalSection
	GlobalSection(ProjectConfigurationPlatforms) = postSolution
		{C57D5EBA-2A4A-42EC-80D9-B354B9E68231}.Debug|Any CPU.ActiveCfg = Debug|Any CPU
		{C57D5EBA-2A4A-42EC-80D9-B354B9E68231}.Debug|Any CPU.Build.0 = Debug|Any CPU
		{C57D5EBA-2A4A-42EC-80D9-B354B9E68231}.Release|Any CPU.ActiveCfg = Release|Any CPU
		{C57D5EBA-2A4A-42EC-80D9-B354B9E68231}.Release|Any CPU.Build.0 = Release|Any CPU
	EndGlobalSection
	GlobalSection(SolutionProperties) = preSolution
		HideSolutionNode = FALSE
	EndGlobalSection
	GlobalSection(ExtensibilityGlobals) = postSolution
		SolutionGuid = {502BB9E6-9DF3-4091-974E-EF6751EF6895}
	EndGlobalSection
EndGlobal
